// !$*UTF8*$!
{
	archiveVersion = 1;
	classes = {
	};
	objectVersion = 77;
	objects = {

/* Begin PBXContainerItemProxy section */
		1AF619BA2E3585B0008F12C6 /* PBXContainerItemProxy */ = {
			isa = PBXContainerItemProxy;
			containerPortal = 1AF619A12E3585AF008F12C6 /* Project object */;
			proxyType = 1;
			remoteGlobalIDString = 1AF619A82E3585AF008F12C6;
			remoteInfo = "Torentino Makocino";
		};
		1AF619C42E3585B0008F12C6 /* PBXContainerItemProxy */ = {
			isa = PBXContainerItemProxy;
			containerPortal = 1AF619A12E3585AF008F12C6 /* Project object */;
			proxyType = 1;
			remoteGlobalIDString = 1AF619A82E3585AF008F12C6;
			remoteInfo = "Torentino Makocino";
		};
/* End PBXContainerItemProxy section */

/* Begin PBXFileReference section */
		1AF619A92E3585AF008F12C6 /* Torentino Makocino.app */ = {isa = PBXFileReference; explicitFileType = wrapper.application; includeInIndex = 0; path = "Torentino Makocino.app"; sourceTree = BUILT_PRODUCTS_DIR; };
		1AF619B92E3585B0008F12C6 /* Torentino MakocinoTests.xctest */ = {isa = PBXFileReference; explicitFileType = wrapper.cfbundle; includeInIndex = 0; path = "Torentino MakocinoTests.xctest"; sourceTree = BUILT_PRODUCTS_DIR; };
		1AF619C32E3585B0008F12C6 /* Torentino MakocinoUITests.xctest */ = {isa = PBXFileReference; explicitFileType = wrapper.cfbundle; includeInIndex = 0; path = "Torentino MakocinoUITests.xctest"; sourceTree = BUILT_PRODUCTS_DIR; };
/* End PBXFileReference section */

/* Begin PBXFileSystemSynchronizedRootGroup section */
		1AF619AB2E3585AF008F12C6 /* Torentino Makocino */ = {
			isa = PBXFileSystemSynchronizedRootGroup;
			path = "Torentino Makocino";
			sourceTree = "<group>";
		};
		1AF619BC2E3585B0008F12C6 /* Torentino MakocinoTests */ = {
			isa = PBXFileSystemSynchronizedRootGroup;
			path = "Torentino MakocinoTests";
			sourceTree = "<group>";
		};
		1AF619C62E3585B0008F12C6 /* Torentino MakocinoUITests */ = {
			isa = PBXFileSystemSynchronizedRootGroup;
			path = "Torentino MakocinoUITests";
			sourceTree = "<group>";
		};
/* End PBXFileSystemSynchronizedRootGroup section */

/* Begin PBXFrameworksBuildPhase section */
		1AF619A62E3585AF008F12C6 /* Frameworks */ = {
			isa = PBXFrameworksBuildPhase;
			buildActionMask = 2147483647;
			files = (
			);
			runOnlyForDeploymentPostprocessing = 0;
		};
		1AF619B62E3585B0008F12C6 /* Frameworks */ = {
			isa = PBXFrameworksBuildPhase;
			buildActionMask = 2147483647;
			files = (
			);
			runOnlyForDeploymentPostprocessing = 0;
		};
		1AF619C02E3585B0008F12C6 /* Frameworks */ = {
			isa = PBXFrameworksBuildPhase;
			buildActionMask = 2147483647;
			files = (
			);
			runOnlyForDeploymentPostprocessing = 0;
		};
/* End PBXFrameworksBuildPhase section */

/* Begin PBXGroup section */
		1AF619A02E3585AF008F12C6 = {
			isa = PBXGroup;
			children = (
				1AF619AB2E3585AF008F12C6 /* Torentino Makocino */,
				1AF619BC2E3585B0008F12C6 /* Torentino MakocinoTests */,
				1AF619C62E3585B0008F12C6 /* Torentino MakocinoUITests */,
				1AF619AA2E3585AF008F12C6 /* Products */,
			);
			sourceTree = "<group>";
		};
		1AF619AA2E3585AF008F12C6 /* Products */ = {
			isa = PBXGroup;
			children = (
				1AF619A92E3585AF008F12C6 /* Torentino Makocino.app */,
				1AF619B92E3585B0008F12C6 /* Torentino MakocinoTests.xctest */,
				1AF619C32E3585B0008F12C6 /* Torentino MakocinoUITests.xctest */,
			);
			name = Products;
			sourceTree = "<group>";
		};
/* End PBXGroup section */

/* Begin PBXNativeTarget section */
		1AF619A82E3585AF008F12C6 /* Torentino Makocino */ = {
			isa = PBXNativeTarget;
			buildConfigurationList = 1AF619CD2E3585B0008F12C6 /* Build configuration list for PBXNativeTarget "Torentino Makocino" */;
			buildPhases = (
				1AF619A52E3585AF008F12C6 /* Sources */,
				1AF619A62E3585AF008F12C6 /* Frameworks */,
				1AF619A72E3585AF008F12C6 /* Resources */,
			);
			buildRules = (
			);
			dependencies = (
			);
			fileSystemSynchronizedGroups = (
				1AF619AB2E3585AF008F12C6 /* Torentino Makocino */,
			);
			name = "Torentino Makocino";
			packageProductDependencies = (
			);
			productName = "Torentino Makocino";
			productReference = 1AF619A92E3585AF008F12C6 /* Torentino Makocino.app */;
			productType = "com.apple.product-type.application";
		};
		1AF619B82E3585B0008F12C6 /* Torentino MakocinoTests */ = {
			isa = PBXNativeTarget;
			buildConfigurationList = 1AF619D02E3585B0008F12C6 /* Build configuration list for PBXNativeTarget "Torentino MakocinoTests" */;
			buildPhases = (
				1AF619B52E3585B0008F12C6 /* Sources */,
				1AF619B62E3585B0008F12C6 /* Frameworks */,
				1AF619B72E3585B0008F12C6 /* Resources */,
			);
			buildRules = (
			);
			dependencies = (
				1AF619BB2E3585B0008F12C6 /* PBXTargetDependency */,
			);
			fileSystemSynchronizedGroups = (
				1AF619BC2E3585B0008F12C6 /* Torentino MakocinoTests */,
			);
			name = "Torentino MakocinoTests";
			packageProductDependencies = (
			);
			productName = "Torentino MakocinoTests";
			productReference = 1AF619B92E3585B0008F12C6 /* Torentino MakocinoTests.xctest */;
			productType = "com.apple.product-type.bundle.unit-test";
		};
		1AF619C22E3585B0008F12C6 /* Torentino MakocinoUITests */ = {
			isa = PBXNativeTarget;
			buildConfigurationList = 1AF619D32E3585B0008F12C6 /* Build configuration list for PBXNativeTarget "Torentino MakocinoUITests" */;
			buildPhases = (
				1AF619BF2E3585B0008F12C6 /* Sources */,
				1AF619C02E3585B0008F12C6 /* Frameworks */,
				1AF619C12E3585B0008F12C6 /* Resources */,
			);
			buildRules = (
			);
			dependencies = (
				1AF619C52E3585B0008F12C6 /* PBXTargetDependency */,
			);
			fileSystemSynchronizedGroups = (
				1AF619C62E3585B0008F12C6 /* Torentino MakocinoUITests */,
			);
			name = "Torentino MakocinoUITests";
			packageProductDependencies = (
			);
			productName = "Torentino MakocinoUITests";
			productReference = 1AF619C32E3585B0008F12C6 /* Torentino MakocinoUITests.xctest */;
			productType = "com.apple.product-type.bundle.ui-testing";
		};
/* End PBXNativeTarget section */

/* Begin PBXProject section */
		1AF619A12E3585AF008F12C6 /* Project object */ = {
			isa = PBXProject;
			attributes = {
				BuildIndependentTargetsInParallel = 1;
				LastSwiftUpdateCheck = 1640;
				LastUpgradeCheck = 1640;
				TargetAttributes = {
					1AF619A82E3585AF008F12C6 = {
						CreatedOnToolsVersion = 16.4;
					};
					1AF619B82E3585B0008F12C6 = {
						CreatedOnToolsVersion = 16.4;
						TestTargetID = 1AF619A82E3585AF008F12C6;
					};
					1AF619C22E3585B0008F12C6 = {
						CreatedOnToolsVersion = 16.4;
						TestTargetID = 1AF619A82E3585AF008F12C6;
					};
				};
			};
			buildConfigurationList = 1AF619A42E3585AF008F12C6 /* Build configuration list for PBXProject "Torentino Makocino" */;
			developmentRegion = en;
			hasScannedForEncodings = 0;
			knownRegions = (
				en,
				Base,
			);
			mainGroup = 1AF619A02E3585AF008F12C6;
			minimizedProjectReferenceProxies = 1;
			preferredProjectObjectVersion = 77;
			productRefGroup = 1AF619AA2E3585AF008F12C6 /* Products */;
			projectDirPath = "";
			projectRoot = "";
			targets = (
				1AF619A82E3585AF008F12C6 /* Torentino Makocino */,
				1AF619B82E3585B0008F12C6 /* Torentino MakocinoTests */,
				1AF619C22E3585B0008F12C6 /* Torentino MakocinoUITests */,
			);
		};
/* End PBXProject section */

/* Begin PBXResourcesBuildPhase section */
		1AF619A72E3585AF008F12C6 /* Resources */ = {
			isa = PBXResourcesBuildPhase;
			buildActionMask = 2147483647;
			files = (
			);
			runOnlyForDeploymentPostprocessing = 0;
		};
		1AF619B72E3585B0008F12C6 /* Resources */ = {
			isa = PBXResourcesBuildPhase;
			buildActionMask = 2147483647;
			files = (
			);
			runOnlyForDeploymentPostprocessing = 0;
		};
		1AF619C12E3585B0008F12C6 /* Resources */ = {
			isa = PBXResourcesBuildPhase;
			buildActionMask = 2147483647;
			files = (
			);
			runOnlyForDeploymentPostprocessing = 0;
		};
/* End PBXResourcesBuildPhase section */

/* Begin PBXSourcesBuildPhase section */
		1AF619A52E3585AF008F12C6 /* Sources */ = {
			isa = PBXSourcesBuildPhase;
			buildActionMask = 2147483647;
			files = (
			);
			runOnlyForDeploymentPostprocessing = 0;
		};
		1AF619B52E3585B0008F12C6 /* Sources */ = {
			isa = PBXSourcesBuildPhase;
			buildActionMask = 2147483647;
			files = (
			);
			runOnlyForDeploymentPostprocessing = 0;
		};
		1AF619BF2E3585B0008F12C6 /* Sources */ = {
			isa = PBXSourcesBuildPhase;
			buildActionMask = 2147483647;
			files = (
			);
			runOnlyForDeploymentPostprocessing = 0;
		};
/* End PBXSourcesBuildPhase section */

/* Begin PBXTargetDependency section */
		1AF619BB2E3585B0008F12C6 /* PBXTargetDependency */ = {
			isa = PBXTargetDependency;
			target = 1AF619A82E3585AF008F12C6 /* Torentino Makocino */;
			targetProxy = 1AF619BA2E3585B0008F12C6 /* PBXContainerItemProxy */;
		};
		1AF619C52E3585B0008F12C6 /* PBXTargetDependency */ = {
			isa = PBXTargetDependency;
			target = 1AF619A82E3585AF008F12C6 /* Torentino Makocino */;
			targetProxy = 1AF619C42E3585B0008F12C6 /* PBXContainerItemProxy */;
		};
/* End PBXTargetDependency section */

/* Begin XCBuildConfiguration section */
		1AF619CB2E3585B0008F12C6 /* Debug */ = {
			isa = XCBuildConfiguration;
			buildSettings = {
				ALWAYS_SEARCH_USER_PATHS = NO;
				ASSETCATALOG_COMPILER_GENERATE_SWIFT_ASSET_SYMBOL_EXTENSIONS = YES;
				CLANG_ANALYZER_NONNULL = YES;
				CLANG_ANALYZER_NUMBER_OBJECT_CONVERSION = YES_AGGRESSIVE;
				CLANG_CXX_LANGUAGE_STANDARD = "gnu++20";
				CLANG_ENABLE_MODULES = YES;
				CLANG_ENABLE_OBJC_ARC = YES;
				CLANG_ENABLE_OBJC_WEAK = YES;
				CLANG_WARN_BLOCK_CAPTURE_AUTORELEASING = YES;
				CLANG_WARN_BOOL_CONVERSION = YES;
				CLANG_WARN_COMMA = YES;
				CLANG_WARN_CONSTANT_CONVERSION = YES;
				CLANG_WARN_DEPRECATED_OBJC_IMPLEMENTATIONS = YES;
				CLANG_WARN_DIRECT_OBJC_ISA_USAGE = YES_ERROR;
				CLANG_WARN_DOCUMENTATION_COMMENTS = YES;
				CLANG_WARN_EMPTY_BODY = YES;
				CLANG_WARN_ENUM_CONVERSION = YES;
				CLANG_WARN_INFINITE_RECURSION = YES;
				CLANG_WARN_INT_CONVERSION = YES;
				CLANG_WARN_NON_LITERAL_NULL_CONVERSION = YES;
				CLANG_WARN_OBJC_IMPLICIT_RETAIN_SELF = YES;
				CLANG_WARN_OBJC_LITERAL_CONVERSION = YES;
				CLANG_WARN_OBJC_ROOT_CLASS = YES_ERROR;
				CLANG_WARN_QUOTED_INCLUDE_IN_FRAMEWORK_HEADER = YES;
				CLANG_WARN_RANGE_LOOP_ANALYSIS = YES;
				CLANG_WARN_STRICT_PROTOTYPES = YES;
				CLANG_WARN_SUSPICIOUS_MOVE = YES;
				CLANG_WARN_UNGUARDED_AVAILABILITY = YES_AGGRESSIVE;
				CLANG_WARN_UNREACHABLE_CODE = YES;
				CLANG_WARN__DUPLICATE_METHOD_MATCH = YES;
				COPY_PHASE_STRIP = NO;
				DEBUG_INFORMATION_FORMAT = dwarf;
				DEVELOPMENT_TEAM = J3G48FS6R7;
				ENABLE_STRICT_OBJC_MSGSEND = YES;
				ENABLE_TESTABILITY = YES;
				ENABLE_USER_SCRIPT_SANDBOXING = YES;
				GCC_C_LANGUAGE_STANDARD = gnu17;
				GCC_DYNAMIC_NO_PIC = NO;
				GCC_NO_COMMON_BLOCKS = YES;
				GCC_OPTIMIZATION_LEVEL = 0;
				GCC_PREPROCESSOR_DEFINITIONS = (
					"DEBUG=1",
					"$(inherited)",
				);
				GCC_WARN_64_TO_32_BIT_CONVERSION = YES;
				GCC_WARN_ABOUT_RETURN_TYPE = YES_ERROR;
				GCC_WARN_UNDECLARED_SELECTOR = YES;
				GCC_WARN_UNINITIALIZED_AUTOS = YES_AGGRESSIVE;
				GCC_WARN_UNUSED_FUNCTION = YES;
				GCC_WARN_UNUSED_VARIABLE = YES;
				LOCALIZATION_PREFERS_STRING_CATALOGS = YES;
				MACOSX_DEPLOYMENT_TARGET = 15.5;
				MTL_ENABLE_DEBUG_INFO = INCLUDE_SOURCE;
				MTL_FAST_MATH = YES;
				ONLY_ACTIVE_ARCH = YES;
				SDKROOT = macosx;
				SWIFT_ACTIVE_COMPILATION_CONDITIONS = "DEBUG $(inherited)";
				SWIFT_OPTIMIZATION_LEVEL = "-Onone";
			};
			name = Debug;
		};
		1AF619CC2E3585B0008F12C6 /* Release */ = {
			isa = XCBuildConfiguration;
			buildSettings = {
				ALWAYS_SEARCH_USER_PATHS = NO;
				ASSETCATALOG_COMPILER_GENERATE_SWIFT_ASSET_SYMBOL_EXTENSIONS = YES;
				CLANG_ANALYZER_NONNULL = YES;
				CLANG_ANALYZER_NUMBER_OBJECT_CONVERSION = YES_AGGRESSIVE;
				CLANG_CXX_LANGUAGE_STANDARD = "gnu++20";
				CLANG_ENABLE_MODULES = YES;
				CLANG_ENABLE_OBJC_ARC = YES;
				CLANG_ENABLE_OBJC_WEAK = YES;
				CLANG_WARN_BLOCK_CAPTURE_AUTORELEASING = YES;
				CLANG_WARN_BOOL_CONVERSION = YES;
				CLANG_WARN_COMMA = YES;
				CLANG_WARN_CONSTANT_CONVERSION = YES;
				CLANG_WARN_DEPRECATED_OBJC_IMPLEMENTATIONS = YES;
				CLANG_WARN_DIRECT_OBJC_ISA_USAGE = YES_ERROR;
				CLANG_WARN_DOCUMENTATION_COMMENTS = YES;
				CLANG_WARN_EMPTY_BODY = YES;
				CLANG_WARN_ENUM_CONVERSION = YES;
				CLANG_WARN_INFINITE_RECURSION = YES;
				CLANG_WARN_INT_CONVERSION = YES;
				CLANG_WARN_NON_LITERAL_NULL_CONVERSION = YES;
				CLANG_WARN_OBJC_IMPLICIT_RETAIN_SELF = YES;
				CLANG_WARN_OBJC_LITERAL_CONVERSION = YES;
				CLANG_WARN_OBJC_ROOT_CLASS = YES_ERROR;
				CLANG_WARN_QUOTED_INCLUDE_IN_FRAMEWORK_HEADER = YES;
				CLANG_WARN_RANGE_LOOP_ANALYSIS = YES;
				CLANG_WARN_STRICT_PROTOTYPES = YES;
				CLANG_WARN_SUSPICIOUS_MOVE = YES;
				CLANG_WARN_UNGUARDED_AVAILABILITY = YES_AGGRESSIVE;
				CLANG_WARN_UNREACHABLE_CODE = YES;
				CLANG_WARN__DUPLICATE_METHOD_MATCH = YES;
				COPY_PHASE_STRIP = NO;
				DEBUG_INFORMATION_FORMAT = "dwarf-with-dsym";
				DEVELOPMENT_TEAM = J3G48FS6R7;
				ENABLE_NS_ASSERTIONS = NO;
				ENABLE_STRICT_OBJC_MSGSEND = YES;
				ENABLE_USER_SCRIPT_SANDBOXING = YES;
				GCC_C_LANGUAGE_STANDARD = gnu17;
				GCC_NO_COMMON_BLOCKS = YES;
				GCC_WARN_64_TO_32_BIT_CONVERSION = YES;
				GCC_WARN_ABOUT_RETURN_TYPE = YES_ERROR;
				GCC_WARN_UNDECLARED_SELECTOR = YES;
				GCC_WARN_UNINITIALIZED_AUTOS = YES_AGGRESSIVE;
				GCC_WARN_UNUSED_FUNCTION = YES;
				GCC_WARN_UNUSED_VARIABLE = YES;
				LOCALIZATION_PREFERS_STRING_CATALOGS = YES;
				MACOSX_DEPLOYMENT_TARGET = 15.5;
				MTL_ENABLE_DEBUG_INFO = NO;
				MTL_FAST_MATH = YES;
				SDKROOT = macosx;
				SWIFT_COMPILATION_MODE = wholemodule;
			};
			name = Release;
		};
		1AF619CE2E3585B0008F12C6 /* Debug */ = {
			isa = XCBuildConfiguration;
			buildSettings = {
				ASSETCATALOG_COMPILER_APPICON_NAME = AppIcon;
				ASSETCATALOG_COMPILER_GLOBAL_ACCENT_COLOR_NAME = AccentColor;
				CODE_SIGN_ENTITLEMENTS = "Torentino Makocino/Torentino_Makocino.entitlements";
				CODE_SIGN_STYLE = Automatic;
				COMBINE_HIDPI_IMAGES = YES;
				CURRENT_PROJECT_VERSION = 1;
				DEVELOPMENT_TEAM = J3G48FS6R7;
				ENABLE_HARDENED_RUNTIME = YES;
				ENABLE_PREVIEWS = YES;
				GENERATE_INFOPLIST_FILE = YES;
				INFOPLIST_KEY_NSHumanReadableCopyright = "";
				LD_RUNPATH_SEARCH_PATHS = (
					"$(inherited)",
					"@executable_path/../Frameworks",
				);
				MACOSX_DEPLOYMENT_TARGET = 14.0;
				MARKETING_VERSION = 1.0;
				PRODUCT_BUNDLE_IDENTIFIER = "com.dhkey.Torentino-Makocino";
				PRODUCT_NAME = "$(TARGET_NAME)";
				REGISTER_APP_GROUPS = YES;
				SWIFT_EMIT_LOC_STRINGS = YES;
				SWIFT_VERSION = 5.0;
			};
			name = Debug;
		};
		1AF619CF2E3585B0008F12C6 /* Release */ = {
			isa = XCBuildConfiguration;
			buildSettings = {
				ASSETCATALOG_COMPILER_APPICON_NAME = AppIcon;
				ASSETCATALOG_COMPILER_GLOBAL_ACCENT_COLOR_NAME = AccentColor;
				CODE_SIGN_ENTITLEMENTS = "Torentino Makocino/Torentino_Makocino.entitlements";
				CODE_SIGN_STYLE = Automatic;
				COMBINE_HIDPI_IMAGES = YES;
				CURRENT_PROJECT_VERSION = 1;
				DEVELOPMENT_TEAM = J3G48FS6R7;
				ENABLE_HARDENED_RUNTIME = YES;
				ENABLE_PREVIEWS = YES;
				GENERATE_INFOPLIST_FILE = YES;
				INFOPLIST_KEY_NSHumanReadableCopyright = "";
				LD_RUNPATH_SEARCH_PATHS = (
					"$(inherited)",
					"@executable_path/../Frameworks",
				);
				MACOSX_DEPLOYMENT_TARGET = 14.0;
				MARKETING_VERSION = 1.0;
				PRODUCT_BUNDLE_IDENTIFIER = "com.dhkey.Torentino-Makocino";
				PRODUCT_NAME = "$(TARGET_NAME)";
				REGISTER_APP_GROUPS = YES;
				SWIFT_EMIT_LOC_STRINGS = YES;
				SWIFT_VERSION = 5.0;
			};
			name = Release;
		};
		1AF619D12E3585B0008F12C6 /* Debug */ = {
			isa = XCBuildConfiguration;
			buildSettings = {
				BUNDLE_LOADER = "$(TEST_HOST)";
				CODE_SIGN_STYLE = Automatic;
				CURRENT_PROJECT_VERSION = 1;
				DEVELOPMENT_TEAM = J3G48FS6R7;
				GENERATE_INFOPLIST_FILE = YES;
				MACOSX_DEPLOYMENT_TARGET = 14.0;
				MARKETING_VERSION = 1.0;
				PRODUCT_BUNDLE_IDENTIFIER = "com.dhkey.Torentino-MakocinoTests";
				PRODUCT_NAME = "$(TARGET_NAME)";
				SWIFT_EMIT_LOC_STRINGS = NO;
				SWIFT_VERSION = 5.0;
				TEST_HOST = "$(BUILT_PRODUCTS_DIR)/Torentino Makocino.app/$(BUNDLE_EXECUTABLE_FOLDER_PATH)/Torentino Makocino";
			};
			name = Debug;
		};
		1AF619D22E3585B0008F12C6 /* Release */ = {
			isa = XCBuildConfiguration;
			buildSettings = {
				BUNDLE_LOADER = "$(TEST_HOST)";
				CODE_SIGN_STYLE = Automatic;
				CURRENT_PROJECT_VERSION = 1;
				DEVELOPMENT_TEAM = J3G48FS6R7;
				GENERATE_INFOPLIST_FILE = YES;
				MACOSX_DEPLOYMENT_TARGET = 14.0;
				MARKETING_VERSION = 1.0;
				PRODUCT_BUNDLE_IDENTIFIER = "com.dhkey.Torentino-MakocinoTests";
				PRODUCT_NAME = "$(TARGET_NAME)";
				SWIFT_EMIT_LOC_STRINGS = NO;
				SWIFT_VERSION = 5.0;
				TEST_HOST = "$(BUILT_PRODUCTS_DIR)/Torentino Makocino.app/$(BUNDLE_EXECUTABLE_FOLDER_PATH)/Torentino Makocino";
			};
			name = Release;
		};
		1AF619D42E3585B0008F12C6 /* Debug */ = {
			isa = XCBuildConfiguration;
			buildSettings = {
				CODE_SIGN_STYLE = Automatic;
				CURRENT_PROJECT_VERSION = 1;
				DEVELOPMENT_TEAM = J3G48FS6R7;
				GENERATE_INFOPLIST_FILE = YES;
				MARKETING_VERSION = 1.0;
				PRODUCT_BUNDLE_IDENTIFIER = "com.dhkey.Torentino-MakocinoUITests";
				PRODUCT_NAME = "$(TARGET_NAME)";
				SWIFT_EMIT_LOC_STRINGS = NO;
				SWIFT_VERSION = 5.0;
				TEST_TARGET_NAME = "Torentino Makocino";
			};
			name = Debug;
		};
		1AF619D52E3585B0008F12C6 /* Release */ = {
			isa = XCBuildConfiguration;
			buildSettings = {
				CODE_SIGN_STYLE = Automatic;
				CURRENT_PROJECT_VERSION = 1;
				DEVELOPMENT_TEAM = J3G48FS6R7;
				GENERATE_INFOPLIST_FILE = YES;
				MARKETING_VERSION = 1.0;
				PRODUCT_BUNDLE_IDENTIFIER = "com.dhkey.Torentino-MakocinoUITests";
				PRODUCT_NAME = "$(TARGET_NAME)";
				SWIFT_EMIT_LOC_STRINGS = NO;
				SWIFT_VERSION = 5.0;
				TEST_TARGET_NAME = "Torentino Makocino";
			};
			name = Release;
		};
/* End XCBuildConfiguration section */

/* Begin XCConfigurationList section */
		1AF619A42E3585AF008F12C6 /* Build configuration list for PBXProject "Torentino Makocino" */ = {
			isa = XCConfigurationList;
			buildConfigurations = (
				1AF619CB2E3585B0008F12C6 /* Debug */,
				1AF619CC2E3585B0008F12C6 /* Release */,
			);
			defaultConfigurationIsVisible = 0;
			defaultConfigurationName = Release;
		};
		1AF619CD2E3585B0008F12C6 /* Build configuration list for PBXNativeTarget "Torentino Makocino" */ = {
			isa = XCConfigurationList;
			buildConfigurations = (
				1AF619CE2E3585B0008F12C6 /* Debug */,
				1AF619CF2E3585B0008F12C6 /* Release */,
			);
			defaultConfigurationIsVisible = 0;
			defaultConfigurationName = Release;
		};
		1AF619D02E3585B0008F12C6 /* Build configuration list for PBXNativeTarget "Torentino MakocinoTests" */ = {
			isa = XCConfigurationList;
			buildConfigurations = (
				1AF619D12E3585B0008F12C6 /* Debug */,
				1AF619D22E3585B0008F12C6 /* Release */,
			);
			defaultConfigurationIsVisible = 0;
			defaultConfigurationName = Release;
		};
		1AF619D32E3585B0008F12C6 /* Build configuration list for PBXNativeTarget "Torentino MakocinoUITests" */ = {
			isa = XCConfigurationList;
			buildConfigurations = (
				1AF619D42E3585B0008F12C6 /* Debug */,
				1AF619D52E3585B0008F12C6 /* Release */,
			);
			defaultConfigurationIsVisible = 0;
			defaultConfigurationName = Release;
		};
/* End XCConfigurationList section */
	};
	rootObject = 1AF619A12E3585AF008F12C6 /* Project object */;
}
